{
  "name": "T-aid-robot-demo",
  "lockfileVersion": 2,
  "requires": true,
  "packages": {
    "": {
      "dependencies": {
        "animejs": "^3.2.1",
        "bootstrap-icons": "^1.9.1",
        "jquery-equal-height": "^1.0.4"
      }
    },
    "node_modules/animejs": {
      "version": "3.2.1",
      "resolved": "https://registry.npmjs.org/animejs/-/animejs-3.2.1.tgz",
      "integrity": "sha512-sWno3ugFryK5nhiDm/2BKeFCpZv7vzerWUcUPyAZLDhMek3+S/p418ldZJbJXo5ZUOpfm2kP2XRO4NJcULMy9A=="
    },
    "node_modules/bootstrap-icons": {
      "version": "1.9.1",
      "resolved": "https://registry.npmjs.org/bootstrap-icons/-/bootstrap-icons-1.9.1.tgz",
      "integrity": "sha512-d4ZkO30MIkAhQ2nNRJqKXJVEQorALGbLWTuRxyCTJF96lRIV6imcgMehWGJUiJMJhglN0o2tqLIeDnMdiQEE9g=="
    },
    "node_modules/jquery-equal-height": {
      "version": "1.0.4",
      "resolved": "https://registry.npmjs.org/jquery-equal-height/-/jquery-equal-height-1.0.4.tgz",
      "integrity": "sha512-lsBv1gMD6OTsEr67X3vl+f4RKnW4gc5Uy3pYRg64zxJfjSPljTBFc6DKelnSzHM+5cmQadjKmpWEje3JZ0uCZg=="
    }
  },
  "dependencies": {
    "animejs": {
      "version": "3.2.1",
      "resolved": "https://registry.npmjs.org/animejs/-/animejs-3.2.1.tgz",
      "integrity": "sha512-sWno3ugFryK5nhiDm/2BKeFCpZv7vzerWUcUPyAZLDhMek3+S/p418ldZJbJXo5ZUOpfm2kP2XRO4NJcULMy9A=="
    },
    "bootstrap-icons": {
      "version": "1.9.1",
      "resolved": "https://registry.npmjs.org/bootstrap-icons/-/bootstrap-icons-1.9.1.tgz",
      "integrity": "sha512-d4ZkO30MIkAhQ2nNRJqKXJVEQorALGbLWTuRxyCTJF96lRIV6imcgMehWGJUiJMJhglN0o2tqLIeDnMdiQEE9g=="
    },
    "jquery-equal-height": {
      "version": "1.0.4",
      "resolved": "https://registry.npmjs.org/jquery-equal-height/-/jquery-equal-height-1.0.4.tgz",
      "integrity": "sha512-lsBv1gMD6OTsEr67X3vl+f4RKnW4gc5Uy3pYRg64zxJfjSPljTBFc6DKelnSzHM+5cmQadjKmpWEje3JZ0uCZg=="
    }
  }
}
